// !$*UTF8*$!
{
	archiveVersion = 1;
	classes = {
	};
	objectVersion = 50;
	objects = {

/* Begin PBXBuildFile section */
		D22BE69D222538D90055E4CE /* FoundationFramework.h in Headers */ = {isa = PBXBuildFile; fileRef = D22BE69B222538D90055E4CE /* FoundationFramework.h */; settings = {ATTRIBUTES = (Public, ); }; };
		D22BE6EA222539DB0055E4CE /* SayHelloToFoundation.h in Headers */ = {isa = PBXBuildFile; fileRef = D22BE6E8222539DB0055E4CE /* SayHelloToFoundation.h */; settings = {ATTRIBUTES = (Public, ); }; };
		D22BE6EB222539DB0055E4CE /* SayHelloToFoundation.m in Sources */ = {isa = PBXBuildFile; fileRef = D22BE6E9222539DB0055E4CE /* SayHelloToFoundation.m */; };
		D274E9CC2230B1A70019A2E7 /* CRBusManager.h in Headers */ = {isa = PBXBuildFile; fileRef = D274E9CA2230B1A70019A2E7 /* CRBusManager.h */; };
		D274E9CD2230B1A70019A2E7 /* CRBusManager.m in Sources */ = {isa = PBXBuildFile; fileRef = D274E9CB2230B1A70019A2E7 /* CRBusManager.m */; };
		D274EA1B2230C7500019A2E7 /* RouterFramework.framework in Frameworks */ = {isa = PBXBuildFile; fileRef = D274EA1A2230C7500019A2E7 /* RouterFramework.framework */; };
		D274EA4A223106D00019A2E7 /* CRAppDelegate.h in Headers */ = {isa = PBXBuildFile; fileRef = D274EA48223106D00019A2E7 /* CRAppDelegate.h */; };
		D274EA4B223106D00019A2E7 /* CRAppDelegate.m in Sources */ = {isa = PBXBuildFile; fileRef = D274EA49223106D00019A2E7 /* CRAppDelegate.m */; };
		D274EA4F22310BB40019A2E7 /* CRURLDispatcher.h in Headers */ = {isa = PBXBuildFile; fileRef = D274EA4D22310BB40019A2E7 /* CRURLDispatcher.h */; };
		D274EA5022310BB40019A2E7 /* CRURLDispatcher.m in Sources */ = {isa = PBXBuildFile; fileRef = D274EA4E22310BB40019A2E7 /* CRURLDispatcher.m */; };
		D274EA5422310F290019A2E7 /* CRNURL.h in Headers */ = {isa = PBXBuildFile; fileRef = D274EA5222310F290019A2E7 /* CRNURL.h */; };
		D274EA5522310F290019A2E7 /* CRNURL.m in Sources */ = {isa = PBXBuildFile; fileRef = D274EA5322310F290019A2E7 /* CRNURL.m */; };
		D274EA58223111A00019A2E7 /* CRURLCommonUtil.h in Headers */ = {isa = PBXBuildFile; fileRef = D274EA56223111A00019A2E7 /* CRURLCommonUtil.h */; };
		D274EA59223111A00019A2E7 /* CRURLCommonUtil.m in Sources */ = {isa = PBXBuildFile; fileRef = D274EA57223111A00019A2E7 /* CRURLCommonUtil.m */; };
		D274EA5C2231122B0019A2E7 /* CRFoundationCommonDefine.h in Headers */ = {isa = PBXBuildFile; fileRef = D274EA5A2231122B0019A2E7 /* CRFoundationCommonDefine.h */; };
		D274EA67223116910019A2E7 /* UtilFramework.framework in Frameworks */ = {isa = PBXBuildFile; fileRef = D274EA66223116910019A2E7 /* UtilFramework.framework */; };
		D274EA9822311A180019A2E7 /* BaseFramework.framework in Frameworks */ = {isa = PBXBuildFile; fileRef = D274EA9722311A180019A2E7 /* BaseFramework.framework */; };
		D274EB2722360CA00019A2E7 /* CRFoundationCommonUtil.h in Headers */ = {isa = PBXBuildFile; fileRef = D274EB2522360CA00019A2E7 /* CRFoundationCommonUtil.h */; };
		D274EB2822360CA00019A2E7 /* CRFoundationCommonUtil.m in Sources */ = {isa = PBXBuildFile; fileRef = D274EB2622360CA00019A2E7 /* CRFoundationCommonUtil.m */; };
/* End PBXBuildFile section */

/* Begin PBXFileReference section */
		D22BE698222538D90055E4CE /* FoundationFramework.framework */ = {isa = PBXFileReference; explicitFileType = wrapper.framework; includeInIndex = 0; path = FoundationFramework.framework; sourceTree = BUILT_PRODUCTS_DIR; };
		D22BE69B222538D90055E4CE /* FoundationFramework.h */ = {isa = PBXFileReference; lastKnownFileType = sourcecode.c.h; path = FoundationFramework.h; sourceTree = "<group>"; };
		D22BE69C222538D90055E4CE /* Info.plist */ = {isa = PBXFileReference; lastKnownFileType = text.plist.xml; path = Info.plist; sourceTree = "<group>"; };
		D22BE6E8222539DB0055E4CE /* SayHelloToFoundation.h */ = {isa = PBXFileReference; lastKnownFileType = sourcecode.c.h; path = SayHelloToFoundation.h; sourceTree = "<group>"; };
		D22BE6E9222539DB0055E4CE /* SayHelloToFoundation.m */ = {isa = PBXFileReference; lastKnownFileType = sourcecode.c.objc; path = SayHelloToFoundation.m; sourceTree = "<group>"; };
		D274E9CA2230B1A70019A2E7 /* CRBusManager.h */ = {isa = PBXFileReference; lastKnownFileType = sourcecode.c.h; path = CRBusManager.h; sourceTree = "<group>"; };
		D274E9CB2230B1A70019A2E7 /* CRBusManager.m */ = {isa = PBXFileReference; lastKnownFileType = sourcecode.c.objc; path = CRBusManager.m; sourceTree = "<group>"; };
		D274EA1A2230C7500019A2E7 /* RouterFramework.framework */ = {isa = PBXFileReference; explicitFileType = wrapper.framework; path = RouterFramework.framework; sourceTree = BUILT_PRODUCTS_DIR; };
		D274EA48223106D00019A2E7 /* CRAppDelegate.h */ = {isa = PBXFileReference; lastKnownFileType = sourcecode.c.h; path = CRAppDelegate.h; sourceTree = "<group>"; };
		D274EA49223106D00019A2E7 /* CRAppDelegate.m */ = {isa = PBXFileReference; lastKnownFileType = sourcecode.c.objc; path = CRAppDelegate.m; sourceTree = "<group>"; };
		D274EA4D22310BB40019A2E7 /* CRURLDispatcher.h */ = {isa = PBXFileReference; lastKnownFileType = sourcecode.c.h; path = CRURLDispatcher.h; sourceTree = "<group>"; };
		D274EA4E22310BB40019A2E7 /* CRURLDispatcher.m */ = {isa = PBXFileReference; lastKnownFileType = sourcecode.c.objc; path = CRURLDispatcher.m; sourceTree = "<group>"; };
		D274EA5222310F290019A2E7 /* CRNURL.h */ = {isa = PBXFileReference; lastKnownFileType = sourcecode.c.h; path = CRNURL.h; sourceTree = "<group>"; };
		D274EA5322310F290019A2E7 /* CRNURL.m */ = {isa = PBXFileReference; lastKnownFileType = sourcecode.c.objc; path = CRNURL.m; sourceTree = "<group>"; };
		D274EA56223111A00019A2E7 /* CRURLCommonUtil.h */ = {isa = PBXFileReference; lastKnownFileType = sourcecode.c.h; path = CRURLCommonUtil.h; sourceTree = "<group>"; };
		D274EA57223111A00019A2E7 /* CRURLCommonUtil.m */ = {isa = PBXFileReference; lastKnownFileType = sourcecode.c.objc; path = CRURLCommonUtil.m; sourceTree = "<group>"; };
		D274EA5A2231122B0019A2E7 /* CRFoundationCommonDefine.h */ = {isa = PBXFileReference; lastKnownFileType = sourcecode.c.h; path = CRFoundationCommonDefine.h; sourceTree = "<group>"; };
		D274EA66223116910019A2E7 /* UtilFramework.framework */ = {isa = PBXFileReference; explicitFileType = wrapper.framework; path = UtilFramework.framework; sourceTree = BUILT_PRODUCTS_DIR; };
		D274EA9722311A180019A2E7 /* BaseFramework.framework */ = {isa = PBXFileReference; explicitFileType = wrapper.framework; path = BaseFramework.framework; sourceTree = BUILT_PRODUCTS_DIR; };
		D274EB2522360CA00019A2E7 /* CRFoundationCommonUtil.h */ = {isa = PBXFileReference; lastKnownFileType = sourcecode.c.h; path = CRFoundationCommonUtil.h; sourceTree = "<group>"; };
		D274EB2622360CA00019A2E7 /* CRFoundationCommonUtil.m */ = {isa = PBXFileReference; lastKnownFileType = sourcecode.c.objc; path = CRFoundationCommonUtil.m; sourceTree = "<group>"; };
/* End PBXFileReference section */

/* Begin PBXFrameworksBuildPhase section */
		D22BE695222538D90055E4CE /* Frameworks */ = {
			isa = PBXFrameworksBuildPhase;
			buildActionMask = 2147483647;
			files = (
				D274EA9822311A180019A2E7 /* BaseFramework.framework in Frameworks */,
				D274EA67223116910019A2E7 /* UtilFramework.framework in Frameworks */,
				D274EA1B2230C7500019A2E7 /* RouterFramework.framework in Frameworks */,
			);
			runOnlyForDeploymentPostprocessing = 0;
		};
/* End PBXFrameworksBuildPhase section */

/* Begin PBXGroup section */
		D22BE68E222538D80055E4CE = {
			isa = PBXGroup;
			children = (
				D22BE69A222538D90055E4CE /* FoundationFramework */,
				D22BE699222538D90055E4CE /* Products */,
				D274E9CF2230B4220019A2E7 /* Frameworks */,
			);
			sourceTree = "<group>";
		};
		D22BE699222538D90055E4CE /* Products */ = {
			isa = PBXGroup;
			children = (
				D22BE698222538D90055E4CE /* FoundationFramework.framework */,
			);
			name = Products;
			sourceTree = "<group>";
		};
		D22BE69A222538D90055E4CE /* FoundationFramework */ = {
			isa = PBXGroup;
			children = (
				D274EA4C22310B7A0019A2E7 /* CRURLDispatcher */,
				D274E9C92230B1980019A2E7 /* CRAppDelegate */,
				D22BE69B222538D90055E4CE /* FoundationFramework.h */,
				D274EA5A2231122B0019A2E7 /* CRFoundationCommonDefine.h */,
				D274EB2522360CA00019A2E7 /* CRFoundationCommonUtil.h */,
				D274EB2622360CA00019A2E7 /* CRFoundationCommonUtil.m */,
				D22BE6E8222539DB0055E4CE /* SayHelloToFoundation.h */,
				D22BE6E9222539DB0055E4CE /* SayHelloToFoundation.m */,
				D22BE69C222538D90055E4CE /* Info.plist */,
			);
			path = FoundationFramework;
			sourceTree = "<group>";
		};
		D274E9C92230B1980019A2E7 /* CRAppDelegate */ = {
			isa = PBXGroup;
			children = (
				D274E9CA2230B1A70019A2E7 /* CRBusManager.h */,
				D274E9CB2230B1A70019A2E7 /* CRBusManager.m */,
				D274EA48223106D00019A2E7 /* CRAppDelegate.h */,
				D274EA49223106D00019A2E7 /* CRAppDelegate.m */,
			);
			path = CRAppDelegate;
			sourceTree = "<group>";
		};
		D274E9CF2230B4220019A2E7 /* Frameworks */ = {
			isa = PBXGroup;
			children = (
				D274EA9722311A180019A2E7 /* BaseFramework.framework */,
				D274EA66223116910019A2E7 /* UtilFramework.framework */,
				D274EA1A2230C7500019A2E7 /* RouterFramework.framework */,
			);
			name = Frameworks;
			sourceTree = "<group>";
		};
		D274EA4C22310B7A0019A2E7 /* CRURLDispatcher */ = {
			isa = PBXGroup;
			children = (
				D274EA5122310F120019A2E7 /* CRNURL */,
				D274EA4D22310BB40019A2E7 /* CRURLDispatcher.h */,
				D274EA4E22310BB40019A2E7 /* CRURLDispatcher.m */,
			);
			path = CRURLDispatcher;
			sourceTree = "<group>";
		};
		D274EA5122310F120019A2E7 /* CRNURL */ = {
			isa = PBXGroup;
			children = (
				D274EA5222310F290019A2E7 /* CRNURL.h */,
				D274EA5322310F290019A2E7 /* CRNURL.m */,
				D274EA56223111A00019A2E7 /* CRURLCommonUtil.h */,
				D274EA57223111A00019A2E7 /* CRURLCommonUtil.m */,
			);
			path = CRNURL;
			sourceTree = "<group>";
		};
/* End PBXGroup section */

/* Begin PBXHeadersBuildPhase section */
		D22BE693222538D90055E4CE /* Headers */ = {
			isa = PBXHeadersBuildPhase;
			buildActionMask = 2147483647;
			files = (
				D274EA5C2231122B0019A2E7 /* CRFoundationCommonDefine.h in Headers */,
				D274EA4F22310BB40019A2E7 /* CRURLDispatcher.h in Headers */,
				D274EA58223111A00019A2E7 /* CRURLCommonUtil.h in Headers */,
				D274EB2722360CA00019A2E7 /* CRFoundationCommonUtil.h in Headers */,
				D22BE69D222538D90055E4CE /* FoundationFramework.h in Headers */,
				D274E9CC2230B1A70019A2E7 /* CRBusManager.h in Headers */,
				D274EA4A223106D00019A2E7 /* CRAppDelegate.h in Headers */,
				D274EA5422310F290019A2E7 /* CRNURL.h in Headers */,
				D22BE6EA222539DB0055E4CE /* SayHelloToFoundation.h in Headers */,
			);
			runOnlyForDeploymentPostprocessing = 0;
		};
/* End PBXHeadersBuildPhase section */

/* Begin PBXNativeTarget section */
		D22BE697222538D90055E4CE /* FoundationFramework */ = {
			isa = PBXNativeTarget;
			buildConfigurationList = D22BE6A0222538D90055E4CE /* Build configuration list for PBXNativeTarget "FoundationFramework" */;
			buildPhases = (
				D22BE693222538D90055E4CE /* Headers */,
				D22BE694222538D90055E4CE /* Sources */,
				D22BE695222538D90055E4CE /* Frameworks */,
				D22BE696222538D90055E4CE /* Resources */,
			);
			buildRules = (
			);
			dependencies = (
			);
			name = FoundationFramework;
			productName = FoundationFramework;
			productReference = D22BE698222538D90055E4CE /* FoundationFramework.framework */;
			productType = "com.apple.product-type.framework";
		};
/* End PBXNativeTarget section */

/* Begin PBXProject section */
		D22BE68F222538D80055E4CE /* Project object */ = {
			isa = PBXProject;
			attributes = {
				LastUpgradeCheck = 1010;
				ORGANIZATIONNAME = zhangyajun;
				TargetAttributes = {
					D22BE697222538D90055E4CE = {
						CreatedOnToolsVersion = 10.1;
					};
				};
			};
			buildConfigurationList = D22BE692222538D80055E4CE /* Build configuration list for PBXProject "FoundationFramework" */;
			compatibilityVersion = "Xcode 9.3";
			developmentRegion = en;
			hasScannedForEncodings = 0;
			knownRegions = (
				en,
			);
			mainGroup = D22BE68E222538D80055E4CE;
			productRefGroup = D22BE699222538D90055E4CE /* Products */;
			projectDirPath = "";
			projectRoot = "";
			targets = (
				D22BE697222538D90055E4CE /* FoundationFramework */,
			);
		};
/* End PBXProject section */

/* Begin PBXResourcesBuildPhase section */
		D22BE696222538D90055E4CE /* Resources */ = {
			isa = PBXResourcesBuildPhase;
			buildActionMask = 2147483647;
			files = (
			);
			runOnlyForDeploymentPostprocessing = 0;
		};
/* End PBXResourcesBuildPhase section */

/* Begin PBXSourcesBuildPhase section */
		D22BE694222538D90055E4CE /* Sources */ = {
			isa = PBXSourcesBuildPhase;
			buildActionMask = 2147483647;
			files = (
				D22BE6EB222539DB0055E4CE /* SayHelloToFoundation.m in Sources */,
				D274EA5522310F290019A2E7 /* CRNURL.m in Sources */,
				D274E9CD2230B1A70019A2E7 /* CRBusManager.m in Sources */,
				D274EA59223111A00019A2E7 /* CRURLCommonUtil.m in Sources */,
				D274EA4B223106D00019A2E7 /* CRAppDelegate.m in Sources */,
				D274EB2822360CA00019A2E7 /* CRFoundationCommonUtil.m in Sources */,
				D274EA5022310BB40019A2E7 /* CRURLDispatcher.m in Sources */,
			);
			runOnlyForDeploymentPostprocessing = 0;
		};
/* End PBXSourcesBuildPhase section */

/* Begin XCBuildConfiguration section */
		D22BE69E222538D90055E4CE /* Debug */ = {
			isa = XCBuildConfiguration;
			buildSettings = {
				ALWAYS_SEARCH_USER_PATHS = NO;
				CLANG_ANALYZER_NONNULL = YES;
				CLANG_ANALYZER_NUMBER_OBJECT_CONVERSION = YES_AGGRESSIVE;
				CLANG_CXX_LANGUAGE_STANDARD = "gnu++14";
				CLANG_CXX_LIBRARY = "libc++";
				CLANG_ENABLE_MODULES = YES;
				CLANG_ENABLE_OBJC_ARC = YES;
				CLANG_ENABLE_OBJC_WEAK = YES;
				CLANG_WARN_BLOCK_CAPTURE_AUTORELEASING = YES;
				CLANG_WARN_BOOL_CONVERSION = YES;
				CLANG_WARN_COMMA = YES;
				CLANG_WARN_CONSTANT_CONVERSION = YES;
				CLANG_WARN_DEPRECATED_OBJC_IMPLEMENTATIONS = YES;
				CLANG_WARN_DIRECT_OBJC_ISA_USAGE = YES_ERROR;
				CLANG_WARN_DOCUMENTATION_COMMENTS = YES;
				CLANG_WARN_EMPTY_BODY = YES;
				CLANG_WARN_ENUM_CONVERSION = YES;
				CLANG_WARN_INFINITE_RECURSION = YES;
				CLANG_WARN_INT_CONVERSION = YES;
				CLANG_WARN_NON_LITERAL_NULL_CONVERSION = YES;
				CLANG_WARN_OBJC_IMPLICIT_RETAIN_SELF = YES;
				CLANG_WARN_OBJC_LITERAL_CONVERSION = YES;
				CLANG_WARN_OBJC_ROOT_CLASS = YES_ERROR;
				CLANG_WARN_RANGE_LOOP_ANALYSIS = YES;
				CLANG_WARN_STRICT_PROTOTYPES = YES;
				CLANG_WARN_SUSPICIOUS_MOVE = YES;
				CLANG_WARN_UNGUARDED_AVAILABILITY = YES_AGGRESSIVE;
				CLANG_WARN_UNREACHABLE_CODE = YES;
				CLANG_WARN__DUPLICATE_METHOD_MATCH = YES;
				CODE_SIGN_IDENTITY = "iPhone Developer";
				COPY_PHASE_STRIP = NO;
				CURRENT_PROJECT_VERSION = 1;
				DEBUG_INFORMATION_FORMAT = dwarf;
				ENABLE_STRICT_OBJC_MSGSEND = YES;
				ENABLE_TESTABILITY = YES;
				GCC_C_LANGUAGE_STANDARD = gnu11;
				GCC_DYNAMIC_NO_PIC = NO;
				GCC_NO_COMMON_BLOCKS = YES;
				GCC_OPTIMIZATION_LEVEL = 0;
				GCC_PREPROCESSOR_DEFINITIONS = (
					"DEBUG=1",
					"$(inherited)",
				);
				GCC_WARN_64_TO_32_BIT_CONVERSION = YES;
				GCC_WARN_ABOUT_RETURN_TYPE = YES_ERROR;
				GCC_WARN_UNDECLARED_SELECTOR = YES;
				GCC_WARN_UNINITIALIZED_AUTOS = YES_AGGRESSIVE;
				GCC_WARN_UNUSED_FUNCTION = YES;
				GCC_WARN_UNUSED_VARIABLE = YES;
				IPHONEOS_DEPLOYMENT_TARGET = 12.1;
				MTL_ENABLE_DEBUG_INFO = INCLUDE_SOURCE;
				MTL_FAST_MATH = YES;
				ONLY_ACTIVE_ARCH = YES;
				SDKROOT = iphoneos;
				VERSIONING_SYSTEM = "apple-generic";
				VERSION_INFO_PREFIX = "";
			};
			name = Debug;
		};
		D22BE69F222538D90055E4CE /* Release */ = {
			isa = XCBuildConfiguration;
			buildSettings = {
				ALWAYS_SEARCH_USER_PATHS = NO;
				CLANG_ANALYZER_NONNULL = YES;
				CLANG_ANALYZER_NUMBER_OBJECT_CONVERSION = YES_AGGRESSIVE;
				CLANG_CXX_LANGUAGE_STANDARD = "gnu++14";
				CLANG_CXX_LIBRARY = "libc++";
				CLANG_ENABLE_MODULES = YES;
				CLANG_ENABLE_OBJC_ARC = YES;
				CLANG_ENABLE_OBJC_WEAK = YES;
				CLANG_WARN_BLOCK_CAPTURE_AUTORELEASING = YES;
				CLANG_WARN_BOOL_CONVERSION = YES;
				CLANG_WARN_COMMA = YES;
				CLANG_WARN_CONSTANT_CONVERSION = YES;
				CLANG_WARN_DEPRECATED_OBJC_IMPLEMENTATIONS = YES;
				CLANG_WARN_DIRECT_OBJC_ISA_USAGE = YES_ERROR;
				CLANG_WARN_DOCUMENTATION_COMMENTS = YES;
				CLANG_WARN_EMPTY_BODY = YES;
				CLANG_WARN_ENUM_CONVERSION = YES;
				CLANG_WARN_INFINITE_RECURSION = YES;
				CLANG_WARN_INT_CONVERSION = YES;
				CLANG_WARN_NON_LITERAL_NULL_CONVERSION = YES;
				CLANG_WARN_OBJC_IMPLICIT_RETAIN_SELF = YES;
				CLANG_WARN_OBJC_LITERAL_CONVERSION = YES;
				CLANG_WARN_OBJC_ROOT_CLASS = YES_ERROR;
				CLANG_WARN_RANGE_LOOP_ANALYSIS = YES;
				CLANG_WARN_STRICT_PROTOTYPES = YES;
				CLANG_WARN_SUSPICIOUS_MOVE = YES;
				CLANG_WARN_UNGUARDED_AVAILABILITY = YES_AGGRESSIVE;
				CLANG_WARN_UNREACHABLE_CODE = YES;
				CLANG_WARN__DUPLICATE_METHOD_MATCH = YES;
				CODE_SIGN_IDENTITY = "iPhone Developer";
				COPY_PHASE_STRIP = NO;
				CURRENT_PROJECT_VERSION = 1;
				DEBUG_INFORMATION_FORMAT = "dwarf-with-dsym";
				ENABLE_NS_ASSERTIONS = NO;
				ENABLE_STRICT_OBJC_MSGSEND = YES;
				GCC_C_LANGUAGE_STANDARD = gnu11;
				GCC_NO_COMMON_BLOCKS = YES;
				GCC_WARN_64_TO_32_BIT_CONVERSION = YES;
				GCC_WARN_ABOUT_RETURN_TYPE = YES_ERROR;
				GCC_WARN_UNDECLARED_SELECTOR = YES;
				GCC_WARN_UNINITIALIZED_AUTOS = YES_AGGRESSIVE;
				GCC_WARN_UNUSED_FUNCTION = YES;
				GCC_WARN_UNUSED_VARIABLE = YES;
				IPHONEOS_DEPLOYMENT_TARGET = 12.1;
				MTL_ENABLE_DEBUG_INFO = NO;
				MTL_FAST_MATH = YES;
				SDKROOT = iphoneos;
				VALIDATE_PRODUCT = YES;
				VERSIONING_SYSTEM = "apple-generic";
				VERSION_INFO_PREFIX = "";
			};
			name = Release;
		};
		D22BE6A1222538D90055E4CE /* Debug */ = {
			isa = XCBuildConfiguration;
			buildSettings = {
				CODE_SIGN_IDENTITY = "";
				CODE_SIGN_STYLE = Automatic;
				DEFINES_MODULE = YES;
				DEVELOPMENT_TEAM = E92Q2F7PR2;
				DYLIB_COMPATIBILITY_VERSION = 1;
				DYLIB_CURRENT_VERSION = 1;
				DYLIB_INSTALL_NAME_BASE = "@rpath";
				FRAMEWORK_SEARCH_PATHS = "";
				HEADER_SEARCH_PATHS = "";
				INFOPLIST_FILE = FoundationFramework/Info.plist;
				INSTALL_PATH = "$(LOCAL_LIBRARY_DIR)/Frameworks";
				LD_RUNPATH_SEARCH_PATHS = (
					"$(inherited)",
					"@executable_path/Frameworks",
					"@loader_path/Frameworks",
				);
				MACH_O_TYPE = staticlib;
				PRODUCT_BUNDLE_IDENTIFIER = zhangyajun.FoundationFramework;
				PRODUCT_NAME = "$(TARGET_NAME:c99extidentifier)";
				SKIP_INSTALL = YES;
				TARGETED_DEVICE_FAMILY = "1,2";
				USER_HEADER_SEARCH_PATHS = "";
			};
			name = Debug;
		};
		D22BE6A2222538D90055E4CE /* Release */ = {
			isa = XCBuildConfiguration;
			buildSettings = {
				CODE_SIGN_IDENTITY = "";
				CODE_SIGN_STYLE = Automatic;
				DEFINES_MODULE = YES;
				DEVELOPMENT_TEAM = E92Q2F7PR2;
				DYLIB_COMPATIBILITY_VERSION = 1;
				DYLIB_CURRENT_VERSION = 1;
				DYLIB_INSTALL_NAME_BASE = "@rpath";
				FRAMEWORK_SEARCH_PATHS = "";
				HEADER_SEARCH_PATHS = "";
				INFOPLIST_FILE = FoundationFramework/Info.plist;
				INSTALL_PATH = "$(LOCAL_LIBRARY_DIR)/Frameworks";
				LD_RUNPATH_SEARCH_PATHS = (
					"$(inherited)",
					"@executable_path/Frameworks",
					"@loader_path/Frameworks",
				);
				MACH_O_TYPE = staticlib;
				PRODUCT_BUNDLE_IDENTIFIER = zhangyajun.FoundationFramework;
				PRODUCT_NAME = "$(TARGET_NAME:c99extidentifier)";
				SKIP_INSTALL = YES;
				TARGETED_DEVICE_FAMILY = "1,2";
				USER_HEADER_SEARCH_PATHS = "";
			};
			name = Release;
		};
/* End XCBuildConfiguration section */

/* Begin XCConfigurationList section */
		D22BE692222538D80055E4CE /* Build configuration list for PBXProject "FoundationFramework" */ = {
			isa = XCConfigurationList;
			buildConfigurations = (
				D22BE69E222538D90055E4CE /* Debug */,
				D22BE69F222538D90055E4CE /* Release */,
			);
			defaultConfigurationIsVisible = 0;
			defaultConfigurationName = Release;
		};
		D22BE6A0222538D90055E4CE /* Build configuration list for PBXNativeTarget "FoundationFramework" */ = {
			isa = XCConfigurationList;
			buildConfigurations = (
				D22BE6A1222538D90055E4CE /* Debug */,
				D22BE6A2222538D90055E4CE /* Release */,
			);
			defaultConfigurationIsVisible = 0;
			defaultConfigurationName = Release;
		};
/* End XCConfigurationList section */
	};
	rootObject = D22BE68F222538D80055E4CE /* Project object */;
}
