// !$*UTF8*$!
{
	archiveVersion = 1;
	classes = {
	};
	objectVersion = 50;
	objects = {

/* Begin PBXBuildFile section */
		D274EA7F223118C50019A2E7 /* BaseFramework.h in Headers */ = {isa = PBXBuildFile; fileRef = D274EA7D223118C50019A2E7 /* BaseFramework.h */; settings = {ATTRIBUTES = (Public, ); }; };
		D274EA8E223118F00019A2E7 /* CRLogUtil.h in Headers */ = {isa = PBXBuildFile; fileRef = D274EA8C223118F00019A2E7 /* CRLogUtil.h */; settings = {ATTRIBUTES = (Public, ); }; };
		D274EA8F223118F00019A2E7 /* CRLogUtil.m in Sources */ = {isa = PBXBuildFile; fileRef = D274EA8D223118F00019A2E7 /* CRLogUtil.m */; };
		D274EA95223119E40019A2E7 /* CRAppDefine.h in Headers */ = {isa = PBXBuildFile; fileRef = D274EA93223119E40019A2E7 /* CRAppDefine.h */; settings = {ATTRIBUTES = (Public, ); }; };
		D274EABE2235FA0B0019A2E7 /* CRLogManager.h in Headers */ = {isa = PBXBuildFile; fileRef = D274EABC2235FA0B0019A2E7 /* CRLogManager.h */; settings = {ATTRIBUTES = (Public, ); }; };
		D274EABF2235FA0B0019A2E7 /* CRLogManager.m in Sources */ = {isa = PBXBuildFile; fileRef = D274EABD2235FA0B0019A2E7 /* CRLogManager.m */; };
		D274EAC32235FAF40019A2E7 /* CREnv.h in Headers */ = {isa = PBXBuildFile; fileRef = D274EAC12235FAF40019A2E7 /* CREnv.h */; settings = {ATTRIBUTES = (Public, ); }; };
		D274EAC42235FAF40019A2E7 /* CREnv.m in Sources */ = {isa = PBXBuildFile; fileRef = D274EAC22235FAF40019A2E7 /* CREnv.m */; };
		D274EB5D223657B70019A2E7 /* YYDiskCache.m in Sources */ = {isa = PBXBuildFile; fileRef = D274EB55223657B70019A2E7 /* YYDiskCache.m */; };
		D274EB5E223657B70019A2E7 /* YYKVStorage.h in Headers */ = {isa = PBXBuildFile; fileRef = D274EB56223657B70019A2E7 /* YYKVStorage.h */; };
		D274EB5F223657B70019A2E7 /* YYCache.m in Sources */ = {isa = PBXBuildFile; fileRef = D274EB57223657B70019A2E7 /* YYCache.m */; };
		D274EB60223657B70019A2E7 /* YYMemoryCache.h in Headers */ = {isa = PBXBuildFile; fileRef = D274EB58223657B70019A2E7 /* YYMemoryCache.h */; };
		D274EB61223657B70019A2E7 /* YYDiskCache.h in Headers */ = {isa = PBXBuildFile; fileRef = D274EB59223657B70019A2E7 /* YYDiskCache.h */; };
		D274EB62223657B70019A2E7 /* YYCache.h in Headers */ = {isa = PBXBuildFile; fileRef = D274EB5A223657B70019A2E7 /* YYCache.h */; };
		D274EB63223657B70019A2E7 /* YYKVStorage.m in Sources */ = {isa = PBXBuildFile; fileRef = D274EB5B223657B70019A2E7 /* YYKVStorage.m */; };
		D274EB64223657B70019A2E7 /* YYMemoryCache.m in Sources */ = {isa = PBXBuildFile; fileRef = D274EB5C223657B70019A2E7 /* YYMemoryCache.m */; };
		D274EB6722365BA90019A2E7 /* CRStorage.h in Headers */ = {isa = PBXBuildFile; fileRef = D274EB6522365BA90019A2E7 /* CRStorage.h */; settings = {ATTRIBUTES = (Public, ); }; };
		D274EB6822365BA90019A2E7 /* CRStorage.m in Sources */ = {isa = PBXBuildFile; fileRef = D274EB6622365BA90019A2E7 /* CRStorage.m */; };
/* End PBXBuildFile section */

/* Begin PBXFileReference section */
		D274EA7A223118C50019A2E7 /* BaseFramework.framework */ = {isa = PBXFileReference; explicitFileType = wrapper.framework; includeInIndex = 0; path = BaseFramework.framework; sourceTree = BUILT_PRODUCTS_DIR; };
		D274EA7D223118C50019A2E7 /* BaseFramework.h */ = {isa = PBXFileReference; lastKnownFileType = sourcecode.c.h; path = BaseFramework.h; sourceTree = "<group>"; };
		D274EA7E223118C50019A2E7 /* Info.plist */ = {isa = PBXFileReference; lastKnownFileType = text.plist.xml; path = Info.plist; sourceTree = "<group>"; };
		D274EA8C223118F00019A2E7 /* CRLogUtil.h */ = {isa = PBXFileReference; fileEncoding = 4; lastKnownFileType = sourcecode.c.h; path = CRLogUtil.h; sourceTree = "<group>"; };
		D274EA8D223118F00019A2E7 /* CRLogUtil.m */ = {isa = PBXFileReference; fileEncoding = 4; lastKnownFileType = sourcecode.c.objc; path = CRLogUtil.m; sourceTree = "<group>"; };
		D274EA93223119E40019A2E7 /* CRAppDefine.h */ = {isa = PBXFileReference; lastKnownFileType = sourcecode.c.h; path = CRAppDefine.h; sourceTree = "<group>"; };
		D274EABC2235FA0B0019A2E7 /* CRLogManager.h */ = {isa = PBXFileReference; lastKnownFileType = sourcecode.c.h; path = CRLogManager.h; sourceTree = "<group>"; };
		D274EABD2235FA0B0019A2E7 /* CRLogManager.m */ = {isa = PBXFileReference; lastKnownFileType = sourcecode.c.objc; path = CRLogManager.m; sourceTree = "<group>"; };
		D274EAC12235FAF40019A2E7 /* CREnv.h */ = {isa = PBXFileReference; lastKnownFileType = sourcecode.c.h; path = CREnv.h; sourceTree = "<group>"; };
		D274EAC22235FAF40019A2E7 /* CREnv.m */ = {isa = PBXFileReference; lastKnownFileType = sourcecode.c.objc; path = CREnv.m; sourceTree = "<group>"; };
		D274EB55223657B70019A2E7 /* YYDiskCache.m */ = {isa = PBXFileReference; fileEncoding = 4; lastKnownFileType = sourcecode.c.objc; path = YYDiskCache.m; sourceTree = "<group>"; };
		D274EB56223657B70019A2E7 /* YYKVStorage.h */ = {isa = PBXFileReference; fileEncoding = 4; lastKnownFileType = sourcecode.c.h; path = YYKVStorage.h; sourceTree = "<group>"; };
		D274EB57223657B70019A2E7 /* YYCache.m */ = {isa = PBXFileReference; fileEncoding = 4; lastKnownFileType = sourcecode.c.objc; path = YYCache.m; sourceTree = "<group>"; };
		D274EB58223657B70019A2E7 /* YYMemoryCache.h */ = {isa = PBXFileReference; fileEncoding = 4; lastKnownFileType = sourcecode.c.h; path = YYMemoryCache.h; sourceTree = "<group>"; };
		D274EB59223657B70019A2E7 /* YYDiskCache.h */ = {isa = PBXFileReference; fileEncoding = 4; lastKnownFileType = sourcecode.c.h; path = YYDiskCache.h; sourceTree = "<group>"; };
		D274EB5A223657B70019A2E7 /* YYCache.h */ = {isa = PBXFileReference; fileEncoding = 4; lastKnownFileType = sourcecode.c.h; path = YYCache.h; sourceTree = "<group>"; };
		D274EB5B223657B70019A2E7 /* YYKVStorage.m */ = {isa = PBXFileReference; fileEncoding = 4; lastKnownFileType = sourcecode.c.objc; path = YYKVStorage.m; sourceTree = "<group>"; };
		D274EB5C223657B70019A2E7 /* YYMemoryCache.m */ = {isa = PBXFileReference; fileEncoding = 4; lastKnownFileType = sourcecode.c.objc; path = YYMemoryCache.m; sourceTree = "<group>"; };
		D274EB6522365BA90019A2E7 /* CRStorage.h */ = {isa = PBXFileReference; lastKnownFileType = sourcecode.c.h; path = CRStorage.h; sourceTree = "<group>"; };
		D274EB6622365BA90019A2E7 /* CRStorage.m */ = {isa = PBXFileReference; lastKnownFileType = sourcecode.c.objc; path = CRStorage.m; sourceTree = "<group>"; };
/* End PBXFileReference section */

/* Begin PBXFrameworksBuildPhase section */
		D274EA77223118C50019A2E7 /* Frameworks */ = {
			isa = PBXFrameworksBuildPhase;
			buildActionMask = 2147483647;
			files = (
			);
			runOnlyForDeploymentPostprocessing = 0;
		};
/* End PBXFrameworksBuildPhase section */

/* Begin PBXGroup section */
		D274EA70223118C50019A2E7 = {
			isa = PBXGroup;
			children = (
				D274EA7C223118C50019A2E7 /* BaseFramework */,
				D274EA7B223118C50019A2E7 /* Products */,
			);
			sourceTree = "<group>";
		};
		D274EA7B223118C50019A2E7 /* Products */ = {
			isa = PBXGroup;
			children = (
				D274EA7A223118C50019A2E7 /* BaseFramework.framework */,
			);
			name = Products;
			sourceTree = "<group>";
		};
		D274EA7C223118C50019A2E7 /* BaseFramework */ = {
			isa = PBXGroup;
			children = (
				D274EB53223657810019A2E7 /* CRThirdSDK */,
				D274EB522236537C0019A2E7 /* CRStorage */,
				D274EAC02235FAC80019A2E7 /* CREnv */,
				D274EA8B223118D90019A2E7 /* CRLog */,
				D274EA7D223118C50019A2E7 /* BaseFramework.h */,
				D274EA93223119E40019A2E7 /* CRAppDefine.h */,
				D274EA7E223118C50019A2E7 /* Info.plist */,
			);
			path = BaseFramework;
			sourceTree = "<group>";
		};
		D274EA8B223118D90019A2E7 /* CRLog */ = {
			isa = PBXGroup;
			children = (
				D274EA8C223118F00019A2E7 /* CRLogUtil.h */,
				D274EA8D223118F00019A2E7 /* CRLogUtil.m */,
				D274EABC2235FA0B0019A2E7 /* CRLogManager.h */,
				D274EABD2235FA0B0019A2E7 /* CRLogManager.m */,
			);
			path = CRLog;
			sourceTree = "<group>";
		};
		D274EAC02235FAC80019A2E7 /* CREnv */ = {
			isa = PBXGroup;
			children = (
				D274EAC12235FAF40019A2E7 /* CREnv.h */,
				D274EAC22235FAF40019A2E7 /* CREnv.m */,
			);
			path = CREnv;
			sourceTree = "<group>";
		};
		D274EB522236537C0019A2E7 /* CRStorage */ = {
			isa = PBXGroup;
			children = (
				D274EB6522365BA90019A2E7 /* CRStorage.h */,
				D274EB6622365BA90019A2E7 /* CRStorage.m */,
			);
			path = CRStorage;
			sourceTree = "<group>";
		};
		D274EB53223657810019A2E7 /* CRThirdSDK */ = {
			isa = PBXGroup;
			children = (
				D274EB54223657B70019A2E7 /* YYCache */,
			);
			path = CRThirdSDK;
			sourceTree = "<group>";
		};
		D274EB54223657B70019A2E7 /* YYCache */ = {
			isa = PBXGroup;
			children = (
				D274EB55223657B70019A2E7 /* YYDiskCache.m */,
				D274EB56223657B70019A2E7 /* YYKVStorage.h */,
				D274EB57223657B70019A2E7 /* YYCache.m */,
				D274EB58223657B70019A2E7 /* YYMemoryCache.h */,
				D274EB59223657B70019A2E7 /* YYDiskCache.h */,
				D274EB5A223657B70019A2E7 /* YYCache.h */,
				D274EB5B223657B70019A2E7 /* YYKVStorage.m */,
				D274EB5C223657B70019A2E7 /* YYMemoryCache.m */,
			);
			path = YYCache;
			sourceTree = "<group>";
		};
/* End PBXGroup section */

/* Begin PBXHeadersBuildPhase section */
		D274EA75223118C50019A2E7 /* Headers */ = {
			isa = PBXHeadersBuildPhase;
			buildActionMask = 2147483647;
			files = (
				D274EB6722365BA90019A2E7 /* CRStorage.h in Headers */,
				D274EA8E223118F00019A2E7 /* CRLogUtil.h in Headers */,
				D274EA95223119E40019A2E7 /* CRAppDefine.h in Headers */,
				D274EB60223657B70019A2E7 /* YYMemoryCache.h in Headers */,
				D274EABE2235FA0B0019A2E7 /* CRLogManager.h in Headers */,
				D274EB61223657B70019A2E7 /* YYDiskCache.h in Headers */,
				D274EB62223657B70019A2E7 /* YYCache.h in Headers */,
				D274EB5E223657B70019A2E7 /* YYKVStorage.h in Headers */,
				D274EAC32235FAF40019A2E7 /* CREnv.h in Headers */,
				D274EA7F223118C50019A2E7 /* BaseFramework.h in Headers */,
			);
			runOnlyForDeploymentPostprocessing = 0;
		};
/* End PBXHeadersBuildPhase section */

/* Begin PBXNativeTarget section */
		D274EA79223118C50019A2E7 /* BaseFramework */ = {
			isa = PBXNativeTarget;
			buildConfigurationList = D274EA82223118C50019A2E7 /* Build configuration list for PBXNativeTarget "BaseFramework" */;
			buildPhases = (
				D274EA75223118C50019A2E7 /* Headers */,
				D274EA76223118C50019A2E7 /* Sources */,
				D274EA77223118C50019A2E7 /* Frameworks */,
				D274EA78223118C50019A2E7 /* Resources */,
			);
			buildRules = (
			);
			dependencies = (
			);
			name = BaseFramework;
			productName = BaseFramework;
			productReference = D274EA7A223118C50019A2E7 /* BaseFramework.framework */;
			productType = "com.apple.product-type.framework";
		};
/* End PBXNativeTarget section */

/* Begin PBXProject section */
		D274EA71223118C50019A2E7 /* Project object */ = {
			isa = PBXProject;
			attributes = {
				LastUpgradeCheck = 1010;
				ORGANIZATIONNAME = zhangyajun;
				TargetAttributes = {
					D274EA79223118C50019A2E7 = {
						CreatedOnToolsVersion = 10.1;
					};
				};
			};
			buildConfigurationList = D274EA74223118C50019A2E7 /* Build configuration list for PBXProject "BaseFramework" */;
			compatibilityVersion = "Xcode 9.3";
			developmentRegion = en;
			hasScannedForEncodings = 0;
			knownRegions = (
				en,
			);
			mainGroup = D274EA70223118C50019A2E7;
			productRefGroup = D274EA7B223118C50019A2E7 /* Products */;
			projectDirPath = "";
			projectRoot = "";
			targets = (
				D274EA79223118C50019A2E7 /* BaseFramework */,
			);
		};
/* End PBXProject section */

/* Begin PBXResourcesBuildPhase section */
		D274EA78223118C50019A2E7 /* Resources */ = {
			isa = PBXResourcesBuildPhase;
			buildActionMask = 2147483647;
			files = (
			);
			runOnlyForDeploymentPostprocessing = 0;
		};
/* End PBXResourcesBuildPhase section */

/* Begin PBXSourcesBuildPhase section */
		D274EA76223118C50019A2E7 /* Sources */ = {
			isa = PBXSourcesBuildPhase;
			buildActionMask = 2147483647;
			files = (
				D274EB6822365BA90019A2E7 /* CRStorage.m in Sources */,
				D274EB63223657B70019A2E7 /* YYKVStorage.m in Sources */,
				D274EAC42235FAF40019A2E7 /* CREnv.m in Sources */,
				D274EB5D223657B70019A2E7 /* YYDiskCache.m in Sources */,
				D274EA8F223118F00019A2E7 /* CRLogUtil.m in Sources */,
				D274EABF2235FA0B0019A2E7 /* CRLogManager.m in Sources */,
				D274EB64223657B70019A2E7 /* YYMemoryCache.m in Sources */,
				D274EB5F223657B70019A2E7 /* YYCache.m in Sources */,
			);
			runOnlyForDeploymentPostprocessing = 0;
		};
/* End PBXSourcesBuildPhase section */

/* Begin XCBuildConfiguration section */
		D274EA80223118C50019A2E7 /* Debug */ = {
			isa = XCBuildConfiguration;
			buildSettings = {
				ALWAYS_SEARCH_USER_PATHS = NO;
				CLANG_ANALYZER_NONNULL = YES;
				CLANG_ANALYZER_NUMBER_OBJECT_CONVERSION = YES_AGGRESSIVE;
				CLANG_CXX_LANGUAGE_STANDARD = "gnu++14";
				CLANG_CXX_LIBRARY = "libc++";
				CLANG_ENABLE_MODULES = YES;
				CLANG_ENABLE_OBJC_ARC = YES;
				CLANG_ENABLE_OBJC_WEAK = YES;
				CLANG_WARN_BLOCK_CAPTURE_AUTORELEASING = YES;
				CLANG_WARN_BOOL_CONVERSION = YES;
				CLANG_WARN_COMMA = YES;
				CLANG_WARN_CONSTANT_CONVERSION = YES;
				CLANG_WARN_DEPRECATED_OBJC_IMPLEMENTATIONS = YES;
				CLANG_WARN_DIRECT_OBJC_ISA_USAGE = YES_ERROR;
				CLANG_WARN_DOCUMENTATION_COMMENTS = YES;
				CLANG_WARN_EMPTY_BODY = YES;
				CLANG_WARN_ENUM_CONVERSION = YES;
				CLANG_WARN_INFINITE_RECURSION = YES;
				CLANG_WARN_INT_CONVERSION = YES;
				CLANG_WARN_NON_LITERAL_NULL_CONVERSION = YES;
				CLANG_WARN_OBJC_IMPLICIT_RETAIN_SELF = YES;
				CLANG_WARN_OBJC_LITERAL_CONVERSION = YES;
				CLANG_WARN_OBJC_ROOT_CLASS = YES_ERROR;
				CLANG_WARN_RANGE_LOOP_ANALYSIS = YES;
				CLANG_WARN_STRICT_PROTOTYPES = YES;
				CLANG_WARN_SUSPICIOUS_MOVE = YES;
				CLANG_WARN_UNGUARDED_AVAILABILITY = YES_AGGRESSIVE;
				CLANG_WARN_UNREACHABLE_CODE = YES;
				CLANG_WARN__DUPLICATE_METHOD_MATCH = YES;
				CODE_SIGN_IDENTITY = "iPhone Developer";
				COPY_PHASE_STRIP = NO;
				CURRENT_PROJECT_VERSION = 1;
				DEBUG_INFORMATION_FORMAT = dwarf;
				ENABLE_STRICT_OBJC_MSGSEND = YES;
				ENABLE_TESTABILITY = YES;
				GCC_C_LANGUAGE_STANDARD = gnu11;
				GCC_DYNAMIC_NO_PIC = NO;
				GCC_NO_COMMON_BLOCKS = YES;
				GCC_OPTIMIZATION_LEVEL = 0;
				GCC_PREPROCESSOR_DEFINITIONS = (
					"DEBUG=1",
					"$(inherited)",
				);
				GCC_WARN_64_TO_32_BIT_CONVERSION = YES;
				GCC_WARN_ABOUT_RETURN_TYPE = YES_ERROR;
				GCC_WARN_UNDECLARED_SELECTOR = YES;
				GCC_WARN_UNINITIALIZED_AUTOS = YES_AGGRESSIVE;
				GCC_WARN_UNUSED_FUNCTION = YES;
				GCC_WARN_UNUSED_VARIABLE = YES;
				IPHONEOS_DEPLOYMENT_TARGET = 12.1;
				MTL_ENABLE_DEBUG_INFO = INCLUDE_SOURCE;
				MTL_FAST_MATH = YES;
				ONLY_ACTIVE_ARCH = YES;
				SDKROOT = iphoneos;
				VERSIONING_SYSTEM = "apple-generic";
				VERSION_INFO_PREFIX = "";
			};
			name = Debug;
		};
		D274EA81223118C50019A2E7 /* Release */ = {
			isa = XCBuildConfiguration;
			buildSettings = {
				ALWAYS_SEARCH_USER_PATHS = NO;
				CLANG_ANALYZER_NONNULL = YES;
				CLANG_ANALYZER_NUMBER_OBJECT_CONVERSION = YES_AGGRESSIVE;
				CLANG_CXX_LANGUAGE_STANDARD = "gnu++14";
				CLANG_CXX_LIBRARY = "libc++";
				CLANG_ENABLE_MODULES = YES;
				CLANG_ENABLE_OBJC_ARC = YES;
				CLANG_ENABLE_OBJC_WEAK = YES;
				CLANG_WARN_BLOCK_CAPTURE_AUTORELEASING = YES;
				CLANG_WARN_BOOL_CONVERSION = YES;
				CLANG_WARN_COMMA = YES;
				CLANG_WARN_CONSTANT_CONVERSION = YES;
				CLANG_WARN_DEPRECATED_OBJC_IMPLEMENTATIONS = YES;
				CLANG_WARN_DIRECT_OBJC_ISA_USAGE = YES_ERROR;
				CLANG_WARN_DOCUMENTATION_COMMENTS = YES;
				CLANG_WARN_EMPTY_BODY = YES;
				CLANG_WARN_ENUM_CONVERSION = YES;
				CLANG_WARN_INFINITE_RECURSION = YES;
				CLANG_WARN_INT_CONVERSION = YES;
				CLANG_WARN_NON_LITERAL_NULL_CONVERSION = YES;
				CLANG_WARN_OBJC_IMPLICIT_RETAIN_SELF = YES;
				CLANG_WARN_OBJC_LITERAL_CONVERSION = YES;
				CLANG_WARN_OBJC_ROOT_CLASS = YES_ERROR;
				CLANG_WARN_RANGE_LOOP_ANALYSIS = YES;
				CLANG_WARN_STRICT_PROTOTYPES = YES;
				CLANG_WARN_SUSPICIOUS_MOVE = YES;
				CLANG_WARN_UNGUARDED_AVAILABILITY = YES_AGGRESSIVE;
				CLANG_WARN_UNREACHABLE_CODE = YES;
				CLANG_WARN__DUPLICATE_METHOD_MATCH = YES;
				CODE_SIGN_IDENTITY = "iPhone Developer";
				COPY_PHASE_STRIP = NO;
				CURRENT_PROJECT_VERSION = 1;
				DEBUG_INFORMATION_FORMAT = "dwarf-with-dsym";
				ENABLE_NS_ASSERTIONS = NO;
				ENABLE_STRICT_OBJC_MSGSEND = YES;
				GCC_C_LANGUAGE_STANDARD = gnu11;
				GCC_NO_COMMON_BLOCKS = YES;
				GCC_WARN_64_TO_32_BIT_CONVERSION = YES;
				GCC_WARN_ABOUT_RETURN_TYPE = YES_ERROR;
				GCC_WARN_UNDECLARED_SELECTOR = YES;
				GCC_WARN_UNINITIALIZED_AUTOS = YES_AGGRESSIVE;
				GCC_WARN_UNUSED_FUNCTION = YES;
				GCC_WARN_UNUSED_VARIABLE = YES;
				IPHONEOS_DEPLOYMENT_TARGET = 12.1;
				MTL_ENABLE_DEBUG_INFO = NO;
				MTL_FAST_MATH = YES;
				SDKROOT = iphoneos;
				VALIDATE_PRODUCT = YES;
				VERSIONING_SYSTEM = "apple-generic";
				VERSION_INFO_PREFIX = "";
			};
			name = Release;
		};
		D274EA83223118C50019A2E7 /* Debug */ = {
			isa = XCBuildConfiguration;
			buildSettings = {
				CODE_SIGN_IDENTITY = "";
				CODE_SIGN_STYLE = Automatic;
				DEFINES_MODULE = YES;
				DEVELOPMENT_TEAM = E92Q2F7PR2;
				DYLIB_COMPATIBILITY_VERSION = 1;
				DYLIB_CURRENT_VERSION = 1;
				DYLIB_INSTALL_NAME_BASE = "@rpath";
				INFOPLIST_FILE = BaseFramework/Info.plist;
				INSTALL_PATH = "$(LOCAL_LIBRARY_DIR)/Frameworks";
				LD_RUNPATH_SEARCH_PATHS = (
					"$(inherited)",
					"@executable_path/Frameworks",
					"@loader_path/Frameworks",
				);
				PRODUCT_BUNDLE_IDENTIFIER = zhangyajun.BaseFramework;
				PRODUCT_NAME = "$(TARGET_NAME:c99extidentifier)";
				SKIP_INSTALL = YES;
				TARGETED_DEVICE_FAMILY = "1,2";
			};
			name = Debug;
		};
		D274EA84223118C50019A2E7 /* Release */ = {
			isa = XCBuildConfiguration;
			buildSettings = {
				CODE_SIGN_IDENTITY = "";
				CODE_SIGN_STYLE = Automatic;
				DEFINES_MODULE = YES;
				DEVELOPMENT_TEAM = E92Q2F7PR2;
				DYLIB_COMPATIBILITY_VERSION = 1;
				DYLIB_CURRENT_VERSION = 1;
				DYLIB_INSTALL_NAME_BASE = "@rpath";
				INFOPLIST_FILE = BaseFramework/Info.plist;
				INSTALL_PATH = "$(LOCAL_LIBRARY_DIR)/Frameworks";
				LD_RUNPATH_SEARCH_PATHS = (
					"$(inherited)",
					"@executable_path/Frameworks",
					"@loader_path/Frameworks",
				);
				PRODUCT_BUNDLE_IDENTIFIER = zhangyajun.BaseFramework;
				PRODUCT_NAME = "$(TARGET_NAME:c99extidentifier)";
				SKIP_INSTALL = YES;
				TARGETED_DEVICE_FAMILY = "1,2";
			};
			name = Release;
		};
/* End XCBuildConfiguration section */

/* Begin XCConfigurationList section */
		D274EA74223118C50019A2E7 /* Build configuration list for PBXProject "BaseFramework" */ = {
			isa = XCConfigurationList;
			buildConfigurations = (
				D274EA80223118C50019A2E7 /* Debug */,
				D274EA81223118C50019A2E7 /* Release */,
			);
			defaultConfigurationIsVisible = 0;
			defaultConfigurationName = Release;
		};
		D274EA82223118C50019A2E7 /* Build configuration list for PBXNativeTarget "BaseFramework" */ = {
			isa = XCConfigurationList;
			buildConfigurations = (
				D274EA83223118C50019A2E7 /* Debug */,
				D274EA84223118C50019A2E7 /* Release */,
			);
			defaultConfigurationIsVisible = 0;
			defaultConfigurationName = Release;
		};
/* End XCConfigurationList section */
	};
	rootObject = D274EA71223118C50019A2E7 /* Project object */;
}
